
Microsoft Visual Studio Solution File, Format Version 12.00
Project("{FAE04EC0-301F-11D3-BF4B-00C04F79EFBC}") = "GarageManager", "GarageManager\GarageManager.csproj", "{D991960B-6F84-4D0D-BA23-739565938798}"
EndProject
Project("{FAE04EC0-301F-11D3-BF4B-00C04F79EFBC}") = "GarageManager.Garage", "GarageManager.Garage\GarageManager.Garage.csproj", "{5C970FEE-D4F8-48F7-904B-5542C8D1FA42}"
EndProject
Project("{FAE04EC0-301F-11D3-BF4B-00C04F79EFBC}") = "GarageManager.Tests", "GarageManager.Tests\GarageManager.Tests.csproj", "{F6324B14-E495-44F5-BE03-27643F88207C}"
EndProject
Project("{FAE04EC0-301F-11D3-BF4B-00C04F79EFBC}") = "GarageManager.Console", "GarageManager.Console\GarageManager.Console.csproj", "{9DBDB86D-7528-461E-A56B-640B63CA291C}"
EndProject
Global
	GlobalSection(SolutionConfigurationPlatforms) = preSolution
		Debug|Any CPU = Debug|Any CPU
		Release|Any CPU = Release|Any CPU
	EndGlobalSection
	GlobalSection(ProjectConfigurationPlatforms) = postSolution
		{D991960B-6F84-4D0D-BA23-739565938798}.Debug|Any CPU.ActiveCfg = Debug|Any CPU
		{D991960B-6F84-4D0D-BA23-739565938798}.Debug|Any CPU.Build.0 = Debug|Any CPU
		{D991960B-6F84-4D0D-BA23-739565938798}.Release|Any CPU.ActiveCfg = Release|Any CPU
		{D991960B-6F84-4D0D-BA23-739565938798}.Release|Any CPU.Build.0 = Release|Any CPU
		{5C970FEE-D4F8-48F7-904B-5542C8D1FA42}.Debug|Any CPU.ActiveCfg = Debug|Any CPU
		{5C970FEE-D4F8-48F7-904B-5542C8D1FA42}.Debug|Any CPU.Build.0 = Debug|Any CPU
		{5C970FEE-D4F8-48F7-904B-5542C8D1FA42}.Release|Any CPU.ActiveCfg = Release|Any CPU
		{5C970FEE-D4F8-48F7-904B-5542C8D1FA42}.Release|Any CPU.Build.0 = Release|Any CPU
		{F6324B14-E495-44F5-BE03-27643F88207C}.Debug|Any CPU.ActiveCfg = Debug|Any CPU
		{F6324B14-E495-44F5-BE03-27643F88207C}.Debug|Any CPU.Build.0 = Debug|Any CPU
		{F6324B14-E495-44F5-BE03-27643F88207C}.Release|Any CPU.ActiveCfg = Release|Any CPU
		{F6324B14-E495-44F5-BE03-27643F88207C}.Release|Any CPU.Build.0 = Release|Any CPU
		{9DBDB86D-7528-461E-A56B-640B63CA291C}.Debug|Any CPU.ActiveCfg = Debug|Any CPU
		{9DBDB86D-7528-461E-A56B-640B63CA291C}.Debug|Any CPU.Build.0 = Debug|Any CPU
		{9DBDB86D-7528-461E-A56B-640B63CA291C}.Release|Any CPU.ActiveCfg = Release|Any CPU
		{9DBDB86D-7528-461E-A56B-640B63CA291C}.Release|Any CPU.Build.0 = Release|Any CPU
	EndGlobalSection
EndGlobal
